
Microsoft Visual Studio Solution File, Format Version 12.00
# Visual Studio Version 16
VisualStudioVersion = 16.0.29806.167
MinimumVisualStudioVersion = 10.0.40219.1
Project("{8BC9CEB8-8B4A-11D0-8D11-00A0C91BC942}") = "SimplestServiceTest", "SimplestServiceTest.vcxproj", "{0B294089-66C2-4062-A6D9-D0A306039E91}"
EndProject
Project("{8BC9CEB8-8B4A-11D0-8D11-00A0C91BC942}") = "Client", "..\Client\Client.vcxproj", "{A1A53BB1-D619-4B7E-B076-A466EE39F34F}"
EndProject
Project("{8BC9CEB8-8B4A-11D0-8D11-00A0C91BC942}") = "SimplePipeClientGUI", "..\..\..\source\repos\SimplePipe\SimplePipeClientGUI\SimplePipeClientGUI.vcxproj", "{CE850624-FD8A-42CC-9B07-2DBD28CD321F}"
EndProject
Global
	GlobalSection(SolutionConfigurationPlatforms) = preSolution
		Debug|x64 = Debug|x64
		Debug|x86 = Debug|x86
		Release|x64 = Release|x64
		Release|x86 = Release|x86
	EndGlobalSection
	GlobalSection(ProjectConfigurationPlatforms) = postSolution
		{0B294089-66C2-4062-A6D9-D0A306039E91}.Debug|x64.ActiveCfg = Debug|x64
		{0B294089-66C2-4062-A6D9-D0A306039E91}.Debug|x64.Build.0 = Debug|x64
		{0B294089-66C2-4062-A6D9-D0A306039E91}.Debug|x86.ActiveCfg = Debug|Win32
		{0B294089-66C2-4062-A6D9-D0A306039E91}.Debug|x86.Build.0 = Debug|Win32
		{0B294089-66C2-4062-A6D9-D0A306039E91}.Release|x64.ActiveCfg = Release|x64
		{0B294089-66C2-4062-A6D9-D0A306039E91}.Release|x64.Build.0 = Release|x64
		{0B294089-66C2-4062-A6D9-D0A306039E91}.Release|x86.ActiveCfg = Release|Win32
		{0B294089-66C2-4062-A6D9-D0A306039E91}.Release|x86.Build.0 = Release|Win32
		{A1A53BB1-D619-4B7E-B076-A466EE39F34F}.Debug|x64.ActiveCfg = Debug|x64
		{A1A53BB1-D619-4B7E-B076-A466EE39F34F}.Debug|x64.Build.0 = Debug|x64
		{A1A53BB1-D619-4B7E-B076-A466EE39F34F}.Debug|x86.ActiveCfg = Debug|Win32
		{A1A53BB1-D619-4B7E-B076-A466EE39F34F}.Debug|x86.Build.0 = Debug|Win32
		{A1A53BB1-D619-4B7E-B076-A466EE39F34F}.Release|x64.ActiveCfg = Release|x64
		{A1A53BB1-D619-4B7E-B076-A466EE39F34F}.Release|x64.Build.0 = Release|x64
		{A1A53BB1-D619-4B7E-B076-A466EE39F34F}.Release|x86.ActiveCfg = Release|Win32
		{A1A53BB1-D619-4B7E-B076-A466EE39F34F}.Release|x86.Build.0 = Release|Win32
		{CE850624-FD8A-42CC-9B07-2DBD28CD321F}.Debug|x64.ActiveCfg = Debug|x64
		{CE850624-FD8A-42CC-9B07-2DBD28CD321F}.Debug|x64.Build.0 = Debug|x64
		{CE850624-FD8A-42CC-9B07-2DBD28CD321F}.Debug|x86.ActiveCfg = Debug|Win32
		{CE850624-FD8A-42CC-9B07-2DBD28CD321F}.Debug|x86.Build.0 = Debug|Win32
		{CE850624-FD8A-42CC-9B07-2DBD28CD321F}.Release|x64.ActiveCfg = Release|x64
		{CE850624-FD8A-42CC-9B07-2DBD28CD321F}.Release|x64.Build.0 = Release|x64
		{CE850624-FD8A-42CC-9B07-2DBD28CD321F}.Release|x86.ActiveCfg = Release|Win32
		{CE850624-FD8A-42CC-9B07-2DBD28CD321F}.Release|x86.Build.0 = Release|Win32
	EndGlobalSection
	GlobalSection(SolutionProperties) = preSolution
		HideSolutionNode = FALSE
	EndGlobalSection
	GlobalSection(ExtensibilityGlobals) = postSolution
		SolutionGuid = {6F16B120-5134-4A7A-95C2-103526890F20}
	EndGlobalSection
EndGlobal
